
Microsoft Visual Studio Solution File, Format Version 11.00
# Visual Studio 2010
Project("{FAE04EC0-301F-11D3-BF4B-00C04F79EFBC}") = "ClassLibraryBrowser", "ClassLibraryBrowser\ClassLibraryBrowser.csproj", "{F91C2FA4-535B-40BF-9B1D-E7B5FD785F6F}"
EndProject
Project("{FAE04EC0-301F-11D3-BF4B-00C04F79EFBC}") = "IronSmalltalk", "IronSmalltalk\IronSmalltalk.csproj", "{F03C018B-B9AD-4D3C-A1BA-F459BC544C97}"
EndProject
Project("{FAE04EC0-301F-11D3-BF4B-00C04F79EFBC}") = "TestPlayground", "TestPlayground\TestPlayground.csproj", "{59F64346-DE49-45FC-933E-8F74784DBD2D}"
EndProject
Project("{FAE04EC0-301F-11D3-BF4B-00C04F79EFBC}") = "Unit Tests", "Unit Tests\Unit Tests.csproj", "{A24D704B-9A15-47FE-A14B-BB860B14AA5B}"
EndProject
Project("{2150E333-8FDC-42A3-9474-1A3956D46DE8}") = "Solution Items", "Solution Items", "{C51E6B08-A91B-41D0-BFA5-A3CC8D909CAF}"
	ProjectSection(SolutionItems) = preProject
		Common.proj = Common.proj
		IronSmalltalk.vsmdi = IronSmalltalk.vsmdi
		License.htm = License.htm
		Local.testsettings = Local.testsettings
		SilverlightCompatibility.cs = SilverlightCompatibility.cs
		TraceAndTestImpact.testsettings = TraceAndTestImpact.testsettings
	EndProjectSection
EndProject
Project("{FAE04EC0-301F-11D3-BF4B-00C04F79EFBC}") = "IronSmalltalk.Common", "IronSmalltalk.Common\IronSmalltalk.Common.csproj", "{CBBBA006-546A-4DFF-95A9-D7B1544205AD}"
EndProject
Project("{FAE04EC0-301F-11D3-BF4B-00C04F79EFBC}") = "IronSmalltalk.InterchangeInstaller", "IronSmalltalk.InterchangeInstaller\IronSmalltalk.InterchangeInstaller.csproj", "{33CC4F2A-E078-4130-89E1-F48752ACAB38}"
EndProject
Project("{FAE04EC0-301F-11D3-BF4B-00C04F79EFBC}") = "IronSmalltalk.Compiler", "IronSmalltalk.Compiler\IronSmalltalk.Compiler.csproj", "{8C1EF7F5-B3AF-401B-9223-E10EF00EBAE6}"
EndProject
Project("{FAE04EC0-301F-11D3-BF4B-00C04F79EFBC}") = "IronSmalltalk.Hosting", "IronSmalltalk.Hosting\IronSmalltalk.Hosting.csproj", "{C3A588AE-808A-4A8E-B460-18FAAB3F6D20}"
EndProject
Project("{FAE04EC0-301F-11D3-BF4B-00C04F79EFBC}") = "IronSmalltalk.VSECompatibility", "IronSmalltalk.VSECompatibility\IronSmalltalk.VSECompatibility.csproj", "{164CB761-F466-4C76-B3F1-31537BD787E7}"
EndProject
Project("{FAE04EC0-301F-11D3-BF4B-00C04F79EFBC}") = "IronSmalltalk.DefinitionInstaller", "IronSmalltalk.DefinitionInstaller\IronSmalltalk.DefinitionInstaller.csproj", "{0BF739EF-002C-4B90-A06B-5E6639FAD2CF}"
EndProject
Project("{FAE04EC0-301F-11D3-BF4B-00C04F79EFBC}") = "IronSmalltalk.AstJitCompiler", "IronSmalltalk.AstJitCompiler\IronSmalltalk.AstJitCompiler.csproj", "{A5C3F31C-DD5F-44BC-9D8F-103E136A13F7}"
EndProject
Project("{FAE04EC0-301F-11D3-BF4B-00C04F79EFBC}") = "IronSmalltalk.Runtime", "IronSmalltalk.Core\IronSmalltalk.Runtime.csproj", "{876AB5DB-133A-47DC-B912-62511E312ED6}"
EndProject
Global
	GlobalSection(TeamFoundationVersionControl) = preSolution
		SccNumberOfProjects = 13
		SccEnterpriseProvider = {4CA58AB2-18FA-4F8D-95D4-32DDF27D184C}
		SccTeamFoundationServer = https://tfs.codeplex.com/tfs/tfs08
		SccLocalPath0 = .
		SccProjectUniqueName1 = ClassLibraryBrowser\\ClassLibraryBrowser.csproj
		SccProjectName1 = ClassLibraryBrowser
		SccLocalPath1 = ClassLibraryBrowser
		SccProjectUniqueName2 = IronSmalltalk.AstJitCompiler\\IronSmalltalk.AstJitCompiler.csproj
		SccProjectName2 = IronSmalltalk.AstJitCompiler
		SccLocalPath2 = IronSmalltalk.AstJitCompiler
		SccProjectUniqueName3 = IronSmalltalk.Common\\IronSmalltalk.Common.csproj
		SccProjectName3 = IronSmalltalk.Common
		SccLocalPath3 = IronSmalltalk.Common
		SccProjectUniqueName4 = IronSmalltalk.Compiler\\IronSmalltalk.Compiler.csproj
		SccProjectName4 = IronSmalltalk.Compiler
		SccLocalPath4 = IronSmalltalk.Compiler
		SccProjectUniqueName5 = IronSmalltalk.Core\\IronSmalltalk.Runtime.csproj
		SccProjectName5 = IronSmalltalk.Core
		SccLocalPath5 = IronSmalltalk.Core
		SccProjectUniqueName6 = IronSmalltalk.DefinitionInstaller\\IronSmalltalk.DefinitionInstaller.csproj
		SccProjectName6 = IronSmalltalk.DefinitionInstaller
		SccLocalPath6 = IronSmalltalk.DefinitionInstaller
		SccProjectUniqueName7 = IronSmalltalk.Hosting\\IronSmalltalk.Hosting.csproj
		SccProjectName7 = IronSmalltalk.Hosting
		SccLocalPath7 = IronSmalltalk.Hosting
		SccProjectUniqueName8 = IronSmalltalk.InterchangeInstaller\\IronSmalltalk.InterchangeInstaller.csproj
		SccProjectName8 = IronSmalltalk.InterchangeInstaller
		SccLocalPath8 = IronSmalltalk.InterchangeInstaller
		SccProjectUniqueName9 = IronSmalltalk.VSECompatibility\\IronSmalltalk.VSECompatibility.csproj
		SccProjectName9 = IronSmalltalk.VSECompatibility
		SccLocalPath9 = IronSmalltalk.VSECompatibility
		SccProjectUniqueName10 = IronSmalltalk\\IronSmalltalk.csproj
		SccProjectName10 = IronSmalltalk
		SccLocalPath10 = IronSmalltalk
		SccProjectUniqueName11 = TestPlayground\\TestPlayground.csproj
		SccProjectName11 = TestPlayground
		SccLocalPath11 = TestPlayground
		SccProjectUniqueName12 = Unit\u0020Tests\\Unit\u0020Tests.csproj
		SccProjectName12 = Unit\u0020Tests
		SccLocalPath12 = Unit\u0020Tests
	EndGlobalSection
	GlobalSection(TestCaseManagementSettings) = postSolution
		CategoryFile = IronSmalltalk.vsmdi
	EndGlobalSection
	GlobalSection(SolutionConfigurationPlatforms) = preSolution
		DesktopDebug|Any CPU = DesktopDebug|Any CPU
		DesktopDebug|Mixed Platforms = DesktopDebug|Mixed Platforms
		DesktopDebug|x86 = DesktopDebug|x86
		DesktopRelease|Any CPU = DesktopRelease|Any CPU
		DesktopRelease|Mixed Platforms = DesktopRelease|Mixed Platforms
		DesktopRelease|x86 = DesktopRelease|x86
		SilverlightDebug|Any CPU = SilverlightDebug|Any CPU
		SilverlightDebug|Mixed Platforms = SilverlightDebug|Mixed Platforms
		SilverlightDebug|x86 = SilverlightDebug|x86
		SilverlightRelease|Any CPU = SilverlightRelease|Any CPU
		SilverlightRelease|Mixed Platforms = SilverlightRelease|Mixed Platforms
		SilverlightRelease|x86 = SilverlightRelease|x86
	EndGlobalSection
	GlobalSection(ProjectConfigurationPlatforms) = postSolution
		{F91C2FA4-535B-40BF-9B1D-E7B5FD785F6F}.DesktopDebug|Any CPU.ActiveCfg = Debug|x86
		{F91C2FA4-535B-40BF-9B1D-E7B5FD785F6F}.DesktopDebug|Any CPU.Build.0 = Debug|x86
		{F91C2FA4-535B-40BF-9B1D-E7B5FD785F6F}.DesktopDebug|Mixed Platforms.ActiveCfg = Debug|x86
		{F91C2FA4-535B-40BF-9B1D-E7B5FD785F6F}.DesktopDebug|Mixed Platforms.Build.0 = Debug|x86
		{F91C2FA4-535B-40BF-9B1D-E7B5FD785F6F}.DesktopDebug|x86.ActiveCfg = Debug|x86
		{F91C2FA4-535B-40BF-9B1D-E7B5FD785F6F}.DesktopDebug|x86.Build.0 = Debug|x86
		{F91C2FA4-535B-40BF-9B1D-E7B5FD785F6F}.DesktopRelease|Any CPU.ActiveCfg = Release|x86
		{F91C2FA4-535B-40BF-9B1D-E7B5FD785F6F}.DesktopRelease|Mixed Platforms.ActiveCfg = Release|x86
		{F91C2FA4-535B-40BF-9B1D-E7B5FD785F6F}.DesktopRelease|Mixed Platforms.Build.0 = Release|x86
		{F91C2FA4-535B-40BF-9B1D-E7B5FD785F6F}.DesktopRelease|x86.ActiveCfg = Release|x86
		{F91C2FA4-535B-40BF-9B1D-E7B5FD785F6F}.DesktopRelease|x86.Build.0 = Release|x86
		{F91C2FA4-535B-40BF-9B1D-E7B5FD785F6F}.SilverlightDebug|Any CPU.ActiveCfg = SilverlightDebug|x86
		{F91C2FA4-535B-40BF-9B1D-E7B5FD785F6F}.SilverlightDebug|Mixed Platforms.ActiveCfg = SilverlightDebug|x86
		{F91C2FA4-535B-40BF-9B1D-E7B5FD785F6F}.SilverlightDebug|x86.ActiveCfg = SilverlightDebug|x86
		{F91C2FA4-535B-40BF-9B1D-E7B5FD785F6F}.SilverlightDebug|x86.Build.0 = SilverlightDebug|x86
		{F91C2FA4-535B-40BF-9B1D-E7B5FD785F6F}.SilverlightRelease|Any CPU.ActiveCfg = SilverlightRelease|x86
		{F91C2FA4-535B-40BF-9B1D-E7B5FD785F6F}.SilverlightRelease|Mixed Platforms.ActiveCfg = SilverlightRelease|x86
		{F91C2FA4-535B-40BF-9B1D-E7B5FD785F6F}.SilverlightRelease|x86.ActiveCfg = SilverlightRelease|x86
		{F91C2FA4-535B-40BF-9B1D-E7B5FD785F6F}.SilverlightRelease|x86.Build.0 = SilverlightRelease|x86
		{F03C018B-B9AD-4D3C-A1BA-F459BC544C97}.DesktopDebug|Any CPU.ActiveCfg = Debug|Any CPU
		{F03C018B-B9AD-4D3C-A1BA-F459BC544C97}.DesktopDebug|Any CPU.Build.0 = Debug|Any CPU
		{F03C018B-B9AD-4D3C-A1BA-F459BC544C97}.DesktopDebug|Mixed Platforms.ActiveCfg = Debug|Any CPU
		{F03C018B-B9AD-4D3C-A1BA-F459BC544C97}.DesktopDebug|Mixed Platforms.Build.0 = Debug|Any CPU
		{F03C018B-B9AD-4D3C-A1BA-F459BC544C97}.DesktopDebug|x86.ActiveCfg = Debug|Any CPU
		{F03C018B-B9AD-4D3C-A1BA-F459BC544C97}.DesktopRelease|Any CPU.ActiveCfg = Release|Any CPU
		{F03C018B-B9AD-4D3C-A1BA-F459BC544C97}.DesktopRelease|Any CPU.Build.0 = Release|Any CPU
		{F03C018B-B9AD-4D3C-A1BA-F459BC544C97}.DesktopRelease|Mixed Platforms.ActiveCfg = Release|Any CPU
		{F03C018B-B9AD-4D3C-A1BA-F459BC544C97}.DesktopRelease|Mixed Platforms.Build.0 = Release|Any CPU
		{F03C018B-B9AD-4D3C-A1BA-F459BC544C97}.DesktopRelease|x86.ActiveCfg = Release|Any CPU
		{F03C018B-B9AD-4D3C-A1BA-F459BC544C97}.SilverlightDebug|Any CPU.ActiveCfg = SilverlightDebug|Any CPU
		{F03C018B-B9AD-4D3C-A1BA-F459BC544C97}.SilverlightDebug|Any CPU.Build.0 = SilverlightDebug|Any CPU
		{F03C018B-B9AD-4D3C-A1BA-F459BC544C97}.SilverlightDebug|Mixed Platforms.ActiveCfg = SilverlightDebug|Any CPU
		{F03C018B-B9AD-4D3C-A1BA-F459BC544C97}.SilverlightDebug|Mixed Platforms.Build.0 = SilverlightDebug|Any CPU
		{F03C018B-B9AD-4D3C-A1BA-F459BC544C97}.SilverlightDebug|x86.ActiveCfg = SilverlightDebug|Any CPU
		{F03C018B-B9AD-4D3C-A1BA-F459BC544C97}.SilverlightRelease|Any CPU.ActiveCfg = SilverlightRelease|Any CPU
		{F03C018B-B9AD-4D3C-A1BA-F459BC544C97}.SilverlightRelease|Any CPU.Build.0 = SilverlightRelease|Any CPU
		{F03C018B-B9AD-4D3C-A1BA-F459BC544C97}.SilverlightRelease|Mixed Platforms.ActiveCfg = SilverlightRelease|Any CPU
		{F03C018B-B9AD-4D3C-A1BA-F459BC544C97}.SilverlightRelease|Mixed Platforms.Build.0 = SilverlightRelease|Any CPU
		{F03C018B-B9AD-4D3C-A1BA-F459BC544C97}.SilverlightRelease|x86.ActiveCfg = SilverlightRelease|Any CPU
		{59F64346-DE49-45FC-933E-8F74784DBD2D}.DesktopDebug|Any CPU.ActiveCfg = Debug|x86
		{59F64346-DE49-45FC-933E-8F74784DBD2D}.DesktopDebug|Any CPU.Build.0 = Debug|x86
		{59F64346-DE49-45FC-933E-8F74784DBD2D}.DesktopDebug|Mixed Platforms.ActiveCfg = Debug|x86
		{59F64346-DE49-45FC-933E-8F74784DBD2D}.DesktopDebug|Mixed Platforms.Build.0 = Debug|x86
		{59F64346-DE49-45FC-933E-8F74784DBD2D}.DesktopDebug|x86.ActiveCfg = Debug|x86
		{59F64346-DE49-45FC-933E-8F74784DBD2D}.DesktopDebug|x86.Build.0 = Debug|x86
		{59F64346-DE49-45FC-933E-8F74784DBD2D}.DesktopRelease|Any CPU.ActiveCfg = Release|x86
		{59F64346-DE49-45FC-933E-8F74784DBD2D}.DesktopRelease|Mixed Platforms.ActiveCfg = Release|x86
		{59F64346-DE49-45FC-933E-8F74784DBD2D}.DesktopRelease|Mixed Platforms.Build.0 = Release|x86
		{59F64346-DE49-45FC-933E-8F74784DBD2D}.DesktopRelease|x86.ActiveCfg = Release|x86
		{59F64346-DE49-45FC-933E-8F74784DBD2D}.DesktopRelease|x86.Build.0 = Release|x86
		{59F64346-DE49-45FC-933E-8F74784DBD2D}.SilverlightDebug|Any CPU.ActiveCfg = SilverlightDebug|x86
		{59F64346-DE49-45FC-933E-8F74784DBD2D}.SilverlightDebug|Mixed Platforms.ActiveCfg = SilverlightDebug|x86
		{59F64346-DE49-45FC-933E-8F74784DBD2D}.SilverlightDebug|x86.ActiveCfg = SilverlightDebug|x86
		{59F64346-DE49-45FC-933E-8F74784DBD2D}.SilverlightDebug|x86.Build.0 = SilverlightDebug|x86
		{59F64346-DE49-45FC-933E-8F74784DBD2D}.SilverlightRelease|Any CPU.ActiveCfg = SilverlightRelease|x86
		{59F64346-DE49-45FC-933E-8F74784DBD2D}.SilverlightRelease|Mixed Platforms.ActiveCfg = SilverlightRelease|x86
		{59F64346-DE49-45FC-933E-8F74784DBD2D}.SilverlightRelease|x86.ActiveCfg = SilverlightRelease|x86
		{59F64346-DE49-45FC-933E-8F74784DBD2D}.SilverlightRelease|x86.Build.0 = SilverlightRelease|x86
		{A24D704B-9A15-47FE-A14B-BB860B14AA5B}.DesktopDebug|Any CPU.ActiveCfg = Debug|Any CPU
		{A24D704B-9A15-47FE-A14B-BB860B14AA5B}.DesktopDebug|Any CPU.Build.0 = Debug|Any CPU
		{A24D704B-9A15-47FE-A14B-BB860B14AA5B}.DesktopDebug|Mixed Platforms.ActiveCfg = Debug|Any CPU
		{A24D704B-9A15-47FE-A14B-BB860B14AA5B}.DesktopDebug|Mixed Platforms.Build.0 = Debug|Any CPU
		{A24D704B-9A15-47FE-A14B-BB860B14AA5B}.DesktopDebug|x86.ActiveCfg = Debug|Any CPU
		{A24D704B-9A15-47FE-A14B-BB860B14AA5B}.DesktopRelease|Any CPU.ActiveCfg = Release|Any CPU
		{A24D704B-9A15-47FE-A14B-BB860B14AA5B}.DesktopRelease|Any CPU.Build.0 = Release|Any CPU
		{A24D704B-9A15-47FE-A14B-BB860B14AA5B}.DesktopRelease|Mixed Platforms.ActiveCfg = Release|Any CPU
		{A24D704B-9A15-47FE-A14B-BB860B14AA5B}.DesktopRelease|Mixed Platforms.Build.0 = Release|Any CPU
		{A24D704B-9A15-47FE-A14B-BB860B14AA5B}.DesktopRelease|x86.ActiveCfg = Release|Any CPU
		{A24D704B-9A15-47FE-A14B-BB860B14AA5B}.SilverlightDebug|Any CPU.ActiveCfg = SilverlightDebug|Any CPU
		{A24D704B-9A15-47FE-A14B-BB860B14AA5B}.SilverlightDebug|Any CPU.Build.0 = SilverlightDebug|Any CPU
		{A24D704B-9A15-47FE-A14B-BB860B14AA5B}.SilverlightDebug|Mixed Platforms.ActiveCfg = SilverlightDebug|Any CPU
		{A24D704B-9A15-47FE-A14B-BB860B14AA5B}.SilverlightDebug|x86.ActiveCfg = SilverlightDebug|Any CPU
		{A24D704B-9A15-47FE-A14B-BB860B14AA5B}.SilverlightRelease|Any CPU.ActiveCfg = SilverlightRelease|Any CPU
		{A24D704B-9A15-47FE-A14B-BB860B14AA5B}.SilverlightRelease|Any CPU.Build.0 = SilverlightRelease|Any CPU
		{A24D704B-9A15-47FE-A14B-BB860B14AA5B}.SilverlightRelease|Mixed Platforms.ActiveCfg = SilverlightRelease|Any CPU
		{A24D704B-9A15-47FE-A14B-BB860B14AA5B}.SilverlightRelease|x86.ActiveCfg = SilverlightRelease|Any CPU
		{CBBBA006-546A-4DFF-95A9-D7B1544205AD}.DesktopDebug|Any CPU.ActiveCfg = Debug|Any CPU
		{CBBBA006-546A-4DFF-95A9-D7B1544205AD}.DesktopDebug|Any CPU.Build.0 = Debug|Any CPU
		{CBBBA006-546A-4DFF-95A9-D7B1544205AD}.DesktopDebug|Mixed Platforms.ActiveCfg = Debug|Any CPU
		{CBBBA006-546A-4DFF-95A9-D7B1544205AD}.DesktopDebug|Mixed Platforms.Build.0 = Debug|Any CPU
		{CBBBA006-546A-4DFF-95A9-D7B1544205AD}.DesktopDebug|x86.ActiveCfg = Debug|Any CPU
		{CBBBA006-546A-4DFF-95A9-D7B1544205AD}.DesktopRelease|Any CPU.ActiveCfg = Release|Any CPU
		{CBBBA006-546A-4DFF-95A9-D7B1544205AD}.DesktopRelease|Any CPU.Build.0 = Release|Any CPU
		{CBBBA006-546A-4DFF-95A9-D7B1544205AD}.DesktopRelease|Mixed Platforms.ActiveCfg = Release|Any CPU
		{CBBBA006-546A-4DFF-95A9-D7B1544205AD}.DesktopRelease|Mixed Platforms.Build.0 = Release|Any CPU
		{CBBBA006-546A-4DFF-95A9-D7B1544205AD}.DesktopRelease|x86.ActiveCfg = Release|Any CPU
		{CBBBA006-546A-4DFF-95A9-D7B1544205AD}.SilverlightDebug|Any CPU.ActiveCfg = SilverlightDebug|Any CPU
		{CBBBA006-546A-4DFF-95A9-D7B1544205AD}.SilverlightDebug|Any CPU.Build.0 = SilverlightDebug|Any CPU
		{CBBBA006-546A-4DFF-95A9-D7B1544205AD}.SilverlightDebug|Mixed Platforms.ActiveCfg = SilverlightDebug|Any CPU
		{CBBBA006-546A-4DFF-95A9-D7B1544205AD}.SilverlightDebug|Mixed Platforms.Build.0 = SilverlightDebug|Any CPU
		{CBBBA006-546A-4DFF-95A9-D7B1544205AD}.SilverlightDebug|x86.ActiveCfg = SilverlightDebug|Any CPU
		{CBBBA006-546A-4DFF-95A9-D7B1544205AD}.SilverlightRelease|Any CPU.ActiveCfg = SilverlightRelease|Any CPU
		{CBBBA006-546A-4DFF-95A9-D7B1544205AD}.SilverlightRelease|Any CPU.Build.0 = SilverlightRelease|Any CPU
		{CBBBA006-546A-4DFF-95A9-D7B1544205AD}.SilverlightRelease|Mixed Platforms.ActiveCfg = SilverlightRelease|Any CPU
		{CBBBA006-546A-4DFF-95A9-D7B1544205AD}.SilverlightRelease|Mixed Platforms.Build.0 = SilverlightRelease|Any CPU
		{CBBBA006-546A-4DFF-95A9-D7B1544205AD}.SilverlightRelease|x86.ActiveCfg = SilverlightRelease|Any CPU
		{33CC4F2A-E078-4130-89E1-F48752ACAB38}.DesktopDebug|Any CPU.ActiveCfg = Debug|Any CPU
		{33CC4F2A-E078-4130-89E1-F48752ACAB38}.DesktopDebug|Any CPU.Build.0 = Debug|Any CPU
		{33CC4F2A-E078-4130-89E1-F48752ACAB38}.DesktopDebug|Mixed Platforms.ActiveCfg = Debug|Any CPU
		{33CC4F2A-E078-4130-89E1-F48752ACAB38}.DesktopDebug|Mixed Platforms.Build.0 = Debug|Any CPU
		{33CC4F2A-E078-4130-89E1-F48752ACAB38}.DesktopDebug|x86.ActiveCfg = Debug|Any CPU
		{33CC4F2A-E078-4130-89E1-F48752ACAB38}.DesktopRelease|Any CPU.ActiveCfg = Release|Any CPU
		{33CC4F2A-E078-4130-89E1-F48752ACAB38}.DesktopRelease|Any CPU.Build.0 = Release|Any CPU
		{33CC4F2A-E078-4130-89E1-F48752ACAB38}.DesktopRelease|Mixed Platforms.ActiveCfg = Release|Any CPU
		{33CC4F2A-E078-4130-89E1-F48752ACAB38}.DesktopRelease|Mixed Platforms.Build.0 = Release|Any CPU
		{33CC4F2A-E078-4130-89E1-F48752ACAB38}.DesktopRelease|x86.ActiveCfg = Release|Any CPU
		{33CC4F2A-E078-4130-89E1-F48752ACAB38}.SilverlightDebug|Any CPU.ActiveCfg = SilverlightDebug|Any CPU
		{33CC4F2A-E078-4130-89E1-F48752ACAB38}.SilverlightDebug|Any CPU.Build.0 = SilverlightDebug|Any CPU
		{33CC4F2A-E078-4130-89E1-F48752ACAB38}.SilverlightDebug|Mixed Platforms.ActiveCfg = SilverlightDebug|Any CPU
		{33CC4F2A-E078-4130-89E1-F48752ACAB38}.SilverlightDebug|Mixed Platforms.Build.0 = SilverlightDebug|Any CPU
		{33CC4F2A-E078-4130-89E1-F48752ACAB38}.SilverlightDebug|x86.ActiveCfg = SilverlightDebug|Any CPU
		{33CC4F2A-E078-4130-89E1-F48752ACAB38}.SilverlightRelease|Any CPU.ActiveCfg = SilverlightRelease|Any CPU
		{33CC4F2A-E078-4130-89E1-F48752ACAB38}.SilverlightRelease|Any CPU.Build.0 = SilverlightRelease|Any CPU
		{33CC4F2A-E078-4130-89E1-F48752ACAB38}.SilverlightRelease|Mixed Platforms.ActiveCfg = SilverlightRelease|Any CPU
		{33CC4F2A-E078-4130-89E1-F48752ACAB38}.SilverlightRelease|Mixed Platforms.Build.0 = SilverlightRelease|Any CPU
		{33CC4F2A-E078-4130-89E1-F48752ACAB38}.SilverlightRelease|x86.ActiveCfg = SilverlightRelease|Any CPU
		{8C1EF7F5-B3AF-401B-9223-E10EF00EBAE6}.DesktopDebug|Any CPU.ActiveCfg = Debug|Any CPU
		{8C1EF7F5-B3AF-401B-9223-E10EF00EBAE6}.DesktopDebug|Any CPU.Build.0 = Debug|Any CPU
		{8C1EF7F5-B3AF-401B-9223-E10EF00EBAE6}.DesktopDebug|Mixed Platforms.ActiveCfg = Debug|Any CPU
		{8C1EF7F5-B3AF-401B-9223-E10EF00EBAE6}.DesktopDebug|Mixed Platforms.Build.0 = Debug|Any CPU
		{8C1EF7F5-B3AF-401B-9223-E10EF00EBAE6}.DesktopDebug|x86.ActiveCfg = Debug|Any CPU
		{8C1EF7F5-B3AF-401B-9223-E10EF00EBAE6}.DesktopRelease|Any CPU.ActiveCfg = Release|Any CPU
		{8C1EF7F5-B3AF-401B-9223-E10EF00EBAE6}.DesktopRelease|Any CPU.Build.0 = Release|Any CPU
		{8C1EF7F5-B3AF-401B-9223-E10EF00EBAE6}.DesktopRelease|Mixed Platforms.ActiveCfg = Release|Any CPU
		{8C1EF7F5-B3AF-401B-9223-E10EF00EBAE6}.DesktopRelease|Mixed Platforms.Build.0 = Release|Any CPU
		{8C1EF7F5-B3AF-401B-9223-E10EF00EBAE6}.DesktopRelease|x86.ActiveCfg = Release|Any CPU
		{8C1EF7F5-B3AF-401B-9223-E10EF00EBAE6}.SilverlightDebug|Any CPU.ActiveCfg = SilverlightDebug|Any CPU
		{8C1EF7F5-B3AF-401B-9223-E10EF00EBAE6}.SilverlightDebug|Any CPU.Build.0 = SilverlightDebug|Any CPU
		{8C1EF7F5-B3AF-401B-9223-E10EF00EBAE6}.SilverlightDebug|Mixed Platforms.ActiveCfg = SilverlightDebug|Any CPU
		{8C1EF7F5-B3AF-401B-9223-E10EF00EBAE6}.SilverlightDebug|Mixed Platforms.Build.0 = SilverlightDebug|Any CPU
		{8C1EF7F5-B3AF-401B-9223-E10EF00EBAE6}.SilverlightDebug|x86.ActiveCfg = SilverlightDebug|Any CPU
		{8C1EF7F5-B3AF-401B-9223-E10EF00EBAE6}.SilverlightRelease|Any CPU.ActiveCfg = SilverlightRelease|Any CPU
		{8C1EF7F5-B3AF-401B-9223-E10EF00EBAE6}.SilverlightRelease|Any CPU.Build.0 = SilverlightRelease|Any CPU
		{8C1EF7F5-B3AF-401B-9223-E10EF00EBAE6}.SilverlightRelease|Mixed Platforms.ActiveCfg = SilverlightRelease|Any CPU
		{8C1EF7F5-B3AF-401B-9223-E10EF00EBAE6}.SilverlightRelease|Mixed Platforms.Build.0 = SilverlightRelease|Any CPU
		{8C1EF7F5-B3AF-401B-9223-E10EF00EBAE6}.SilverlightRelease|x86.ActiveCfg = SilverlightRelease|Any CPU
		{C3A588AE-808A-4A8E-B460-18FAAB3F6D20}.DesktopDebug|Any CPU.ActiveCfg = Debug|Any CPU
		{C3A588AE-808A-4A8E-B460-18FAAB3F6D20}.DesktopDebug|Any CPU.Build.0 = Debug|Any CPU
		{C3A588AE-808A-4A8E-B460-18FAAB3F6D20}.DesktopDebug|Mixed Platforms.ActiveCfg = Debug|Any CPU
		{C3A588AE-808A-4A8E-B460-18FAAB3F6D20}.DesktopDebug|Mixed Platforms.Build.0 = Debug|Any CPU
		{C3A588AE-808A-4A8E-B460-18FAAB3F6D20}.DesktopDebug|x86.ActiveCfg = Debug|Any CPU
		{C3A588AE-808A-4A8E-B460-18FAAB3F6D20}.DesktopRelease|Any CPU.ActiveCfg = Release|Any CPU
		{C3A588AE-808A-4A8E-B460-18FAAB3F6D20}.DesktopRelease|Any CPU.Build.0 = Release|Any CPU
		{C3A588AE-808A-4A8E-B460-18FAAB3F6D20}.DesktopRelease|Mixed Platforms.ActiveCfg = Release|Any CPU
		{C3A588AE-808A-4A8E-B460-18FAAB3F6D20}.DesktopRelease|Mixed Platforms.Build.0 = Release|Any CPU
		{C3A588AE-808A-4A8E-B460-18FAAB3F6D20}.DesktopRelease|x86.ActiveCfg = Release|Any CPU
		{C3A588AE-808A-4A8E-B460-18FAAB3F6D20}.SilverlightDebug|Any CPU.ActiveCfg = SilverlightDebug|Any CPU
		{C3A588AE-808A-4A8E-B460-18FAAB3F6D20}.SilverlightDebug|Any CPU.Build.0 = SilverlightDebug|Any CPU
		{C3A588AE-808A-4A8E-B460-18FAAB3F6D20}.SilverlightDebug|Mixed Platforms.ActiveCfg = SilverlightDebug|Any CPU
		{C3A588AE-808A-4A8E-B460-18FAAB3F6D20}.SilverlightDebug|x86.ActiveCfg = SilverlightDebug|Any CPU
		{C3A588AE-808A-4A8E-B460-18FAAB3F6D20}.SilverlightRelease|Any CPU.ActiveCfg = SilverlightRelease|Any CPU
		{C3A588AE-808A-4A8E-B460-18FAAB3F6D20}.SilverlightRelease|Any CPU.Build.0 = SilverlightRelease|Any CPU
		{C3A588AE-808A-4A8E-B460-18FAAB3F6D20}.SilverlightRelease|Mixed Platforms.ActiveCfg = SilverlightRelease|Any CPU
		{C3A588AE-808A-4A8E-B460-18FAAB3F6D20}.SilverlightRelease|x86.ActiveCfg = SilverlightRelease|Any CPU
		{164CB761-F466-4C76-B3F1-31537BD787E7}.DesktopDebug|Any CPU.ActiveCfg = Debug|Any CPU
		{164CB761-F466-4C76-B3F1-31537BD787E7}.DesktopDebug|Any CPU.Build.0 = Debug|Any CPU
		{164CB761-F466-4C76-B3F1-31537BD787E7}.DesktopDebug|Mixed Platforms.ActiveCfg = Debug|Any CPU
		{164CB761-F466-4C76-B3F1-31537BD787E7}.DesktopDebug|Mixed Platforms.Build.0 = Debug|Any CPU
		{164CB761-F466-4C76-B3F1-31537BD787E7}.DesktopDebug|x86.ActiveCfg = Debug|Any CPU
		{164CB761-F466-4C76-B3F1-31537BD787E7}.DesktopRelease|Any CPU.ActiveCfg = Release|Any CPU
		{164CB761-F466-4C76-B3F1-31537BD787E7}.DesktopRelease|Any CPU.Build.0 = Release|Any CPU
		{164CB761-F466-4C76-B3F1-31537BD787E7}.DesktopRelease|Mixed Platforms.ActiveCfg = Release|Any CPU
		{164CB761-F466-4C76-B3F1-31537BD787E7}.DesktopRelease|Mixed Platforms.Build.0 = Release|Any CPU
		{164CB761-F466-4C76-B3F1-31537BD787E7}.DesktopRelease|x86.ActiveCfg = Release|Any CPU
		{164CB761-F466-4C76-B3F1-31537BD787E7}.SilverlightDebug|Any CPU.ActiveCfg = SilverlightDebug|Any CPU
		{164CB761-F466-4C76-B3F1-31537BD787E7}.SilverlightDebug|Any CPU.Build.0 = SilverlightDebug|Any CPU
		{164CB761-F466-4C76-B3F1-31537BD787E7}.SilverlightDebug|Mixed Platforms.ActiveCfg = SilverlightDebug|Any CPU
		{164CB761-F466-4C76-B3F1-31537BD787E7}.SilverlightDebug|Mixed Platforms.Build.0 = SilverlightDebug|Any CPU
		{164CB761-F466-4C76-B3F1-31537BD787E7}.SilverlightDebug|x86.ActiveCfg = SilverlightDebug|Any CPU
		{164CB761-F466-4C76-B3F1-31537BD787E7}.SilverlightRelease|Any CPU.ActiveCfg = SilverlightRelease|Any CPU
		{164CB761-F466-4C76-B3F1-31537BD787E7}.SilverlightRelease|Any CPU.Build.0 = SilverlightRelease|Any CPU
		{164CB761-F466-4C76-B3F1-31537BD787E7}.SilverlightRelease|Mixed Platforms.ActiveCfg = SilverlightRelease|Any CPU
		{164CB761-F466-4C76-B3F1-31537BD787E7}.SilverlightRelease|Mixed Platforms.Build.0 = SilverlightRelease|Any CPU
		{164CB761-F466-4C76-B3F1-31537BD787E7}.SilverlightRelease|x86.ActiveCfg = SilverlightRelease|Any CPU
		{0BF739EF-002C-4B90-A06B-5E6639FAD2CF}.DesktopDebug|Any CPU.ActiveCfg = Debug|Any CPU
		{0BF739EF-002C-4B90-A06B-5E6639FAD2CF}.DesktopDebug|Any CPU.Build.0 = Debug|Any CPU
		{0BF739EF-002C-4B90-A06B-5E6639FAD2CF}.DesktopDebug|Mixed Platforms.ActiveCfg = Debug|Any CPU
		{0BF739EF-002C-4B90-A06B-5E6639FAD2CF}.DesktopDebug|Mixed Platforms.Build.0 = Debug|Any CPU
		{0BF739EF-002C-4B90-A06B-5E6639FAD2CF}.DesktopDebug|x86.ActiveCfg = Debug|Any CPU
		{0BF739EF-002C-4B90-A06B-5E6639FAD2CF}.DesktopRelease|Any CPU.ActiveCfg = Release|Any CPU
		{0BF739EF-002C-4B90-A06B-5E6639FAD2CF}.DesktopRelease|Any CPU.Build.0 = Release|Any CPU
		{0BF739EF-002C-4B90-A06B-5E6639FAD2CF}.DesktopRelease|Mixed Platforms.ActiveCfg = Release|Any CPU
		{0BF739EF-002C-4B90-A06B-5E6639FAD2CF}.DesktopRelease|Mixed Platforms.Build.0 = Release|Any CPU
		{0BF739EF-002C-4B90-A06B-5E6639FAD2CF}.DesktopRelease|x86.ActiveCfg = Release|Any CPU
		{0BF739EF-002C-4B90-A06B-5E6639FAD2CF}.SilverlightDebug|Any CPU.ActiveCfg = SilverlightDebug|Any CPU
		{0BF739EF-002C-4B90-A06B-5E6639FAD2CF}.SilverlightDebug|Any CPU.Build.0 = SilverlightDebug|Any CPU
		{0BF739EF-002C-4B90-A06B-5E6639FAD2CF}.SilverlightDebug|Mixed Platforms.ActiveCfg = SilverlightDebug|Any CPU
		{0BF739EF-002C-4B90-A06B-5E6639FAD2CF}.SilverlightDebug|Mixed Platforms.Build.0 = SilverlightDebug|Any CPU
		{0BF739EF-002C-4B90-A06B-5E6639FAD2CF}.SilverlightDebug|x86.ActiveCfg = SilverlightDebug|Any CPU
		{0BF739EF-002C-4B90-A06B-5E6639FAD2CF}.SilverlightRelease|Any CPU.ActiveCfg = SilverlightRelease|Any CPU
		{0BF739EF-002C-4B90-A06B-5E6639FAD2CF}.SilverlightRelease|Any CPU.Build.0 = SilverlightRelease|Any CPU
		{0BF739EF-002C-4B90-A06B-5E6639FAD2CF}.SilverlightRelease|Mixed Platforms.ActiveCfg = SilverlightRelease|Any CPU
		{0BF739EF-002C-4B90-A06B-5E6639FAD2CF}.SilverlightRelease|Mixed Platforms.Build.0 = SilverlightRelease|Any CPU
		{0BF739EF-002C-4B90-A06B-5E6639FAD2CF}.SilverlightRelease|x86.ActiveCfg = SilverlightRelease|Any CPU
		{A5C3F31C-DD5F-44BC-9D8F-103E136A13F7}.DesktopDebug|Any CPU.ActiveCfg = Debug|Any CPU
		{A5C3F31C-DD5F-44BC-9D8F-103E136A13F7}.DesktopDebug|Any CPU.Build.0 = Debug|Any CPU
		{A5C3F31C-DD5F-44BC-9D8F-103E136A13F7}.DesktopDebug|Mixed Platforms.ActiveCfg = Debug|Any CPU
		{A5C3F31C-DD5F-44BC-9D8F-103E136A13F7}.DesktopDebug|Mixed Platforms.Build.0 = Debug|Any CPU
		{A5C3F31C-DD5F-44BC-9D8F-103E136A13F7}.DesktopDebug|x86.ActiveCfg = Debug|Any CPU
		{A5C3F31C-DD5F-44BC-9D8F-103E136A13F7}.DesktopRelease|Any CPU.ActiveCfg = Release|Any CPU
		{A5C3F31C-DD5F-44BC-9D8F-103E136A13F7}.DesktopRelease|Any CPU.Build.0 = Release|Any CPU
		{A5C3F31C-DD5F-44BC-9D8F-103E136A13F7}.DesktopRelease|Mixed Platforms.ActiveCfg = Release|Any CPU
		{A5C3F31C-DD5F-44BC-9D8F-103E136A13F7}.DesktopRelease|Mixed Platforms.Build.0 = Release|Any CPU
		{A5C3F31C-DD5F-44BC-9D8F-103E136A13F7}.DesktopRelease|x86.ActiveCfg = Release|Any CPU
		{A5C3F31C-DD5F-44BC-9D8F-103E136A13F7}.SilverlightDebug|Any CPU.ActiveCfg = SilverlightDebug|Any CPU
		{A5C3F31C-DD5F-44BC-9D8F-103E136A13F7}.SilverlightDebug|Any CPU.Build.0 = SilverlightDebug|Any CPU
		{A5C3F31C-DD5F-44BC-9D8F-103E136A13F7}.SilverlightDebug|Mixed Platforms.ActiveCfg = SilverlightDebug|Any CPU
		{A5C3F31C-DD5F-44BC-9D8F-103E136A13F7}.SilverlightDebug|Mixed Platforms.Build.0 = SilverlightDebug|Any CPU
		{A5C3F31C-DD5F-44BC-9D8F-103E136A13F7}.SilverlightDebug|x86.ActiveCfg = SilverlightDebug|Any CPU
		{A5C3F31C-DD5F-44BC-9D8F-103E136A13F7}.SilverlightRelease|Any CPU.ActiveCfg = SilverlightRelease|Any CPU
		{A5C3F31C-DD5F-44BC-9D8F-103E136A13F7}.SilverlightRelease|Any CPU.Build.0 = SilverlightRelease|Any CPU
		{A5C3F31C-DD5F-44BC-9D8F-103E136A13F7}.SilverlightRelease|Mixed Platforms.ActiveCfg = SilverlightRelease|Any CPU
		{A5C3F31C-DD5F-44BC-9D8F-103E136A13F7}.SilverlightRelease|Mixed Platforms.Build.0 = SilverlightRelease|Any CPU
		{A5C3F31C-DD5F-44BC-9D8F-103E136A13F7}.SilverlightRelease|x86.ActiveCfg = SilverlightRelease|Any CPU
		{876AB5DB-133A-47DC-B912-62511E312ED6}.DesktopDebug|Any CPU.ActiveCfg = Debug|Any CPU
		{876AB5DB-133A-47DC-B912-62511E312ED6}.DesktopDebug|Any CPU.Build.0 = Debug|Any CPU
		{876AB5DB-133A-47DC-B912-62511E312ED6}.DesktopDebug|Mixed Platforms.ActiveCfg = Debug|Any CPU
		{876AB5DB-133A-47DC-B912-62511E312ED6}.DesktopDebug|Mixed Platforms.Build.0 = Debug|Any CPU
		{876AB5DB-133A-47DC-B912-62511E312ED6}.DesktopDebug|x86.ActiveCfg = Debug|Any CPU
		{876AB5DB-133A-47DC-B912-62511E312ED6}.DesktopRelease|Any CPU.ActiveCfg = Release|Any CPU
		{876AB5DB-133A-47DC-B912-62511E312ED6}.DesktopRelease|Any CPU.Build.0 = Release|Any CPU
		{876AB5DB-133A-47DC-B912-62511E312ED6}.DesktopRelease|Mixed Platforms.ActiveCfg = Release|Any CPU
		{876AB5DB-133A-47DC-B912-62511E312ED6}.DesktopRelease|Mixed Platforms.Build.0 = Release|Any CPU
		{876AB5DB-133A-47DC-B912-62511E312ED6}.DesktopRelease|x86.ActiveCfg = Release|Any CPU
		{876AB5DB-133A-47DC-B912-62511E312ED6}.SilverlightDebug|Any CPU.ActiveCfg = SilverlightDebug|Any CPU
		{876AB5DB-133A-47DC-B912-62511E312ED6}.SilverlightDebug|Any CPU.Build.0 = SilverlightDebug|Any CPU
		{876AB5DB-133A-47DC-B912-62511E312ED6}.SilverlightDebug|Mixed Platforms.ActiveCfg = SilverlightDebug|Any CPU
		{876AB5DB-133A-47DC-B912-62511E312ED6}.SilverlightDebug|Mixed Platforms.Build.0 = SilverlightDebug|Any CPU
		{876AB5DB-133A-47DC-B912-62511E312ED6}.SilverlightDebug|x86.ActiveCfg = SilverlightDebug|Any CPU
		{876AB5DB-133A-47DC-B912-62511E312ED6}.SilverlightRelease|Any CPU.ActiveCfg = SilverlightRelease|Any CPU
		{876AB5DB-133A-47DC-B912-62511E312ED6}.SilverlightRelease|Any CPU.Build.0 = SilverlightRelease|Any CPU
		{876AB5DB-133A-47DC-B912-62511E312ED6}.SilverlightRelease|Mixed Platforms.ActiveCfg = SilverlightRelease|Any CPU
		{876AB5DB-133A-47DC-B912-62511E312ED6}.SilverlightRelease|Mixed Platforms.Build.0 = SilverlightRelease|Any CPU
		{876AB5DB-133A-47DC-B912-62511E312ED6}.SilverlightRelease|x86.ActiveCfg = SilverlightRelease|Any CPU
	EndGlobalSection
	GlobalSection(SolutionProperties) = preSolution
		HideSolutionNode = FALSE
	EndGlobalSection
EndGlobal
